devDependencies:
  '@rollup/plugin-commonjs': 21.0.1_rollup@2.60.0
  '@rollup/plugin-json': 4.1.0_rollup@2.60.0
  '@rollup/plugin-node-resolve': 13.0.6_rollup@2.60.0
  '@rollup/plugin-typescript': 8.3.0_15dfac413fd0241781a9fd89f988e2e5
  rollup: 2.60.0
  rollup-plugin-node-builtins: 2.1.2
  tslib: 2.3.1
  typescript: 4.4.4
lockfileVersion: 5.2
packages:
  /@rollup/plugin-commonjs/21.0.1_rollup@2.60.0:
    dependencies:
      '@rollup/pluginutils': 3.1.0_rollup@2.60.0
      commondir: 1.0.1
      estree-walker: 2.0.2
      glob: 7.2.0
      is-reference: 1.2.1
      magic-string: 0.25.7
      resolve: 1.20.0
      rollup: 2.60.0
    dev: true
    engines:
      node: '>= 8.0.0'
    peerDependencies:
      rollup: ^2.38.3
    resolution:
      integrity: sha512-EA+g22lbNJ8p5kuZJUYyhhDK7WgJckW5g4pNN7n4mAFUM96VuwUnNT3xr2Db2iCZPI1pJPbGyfT5mS9T1dHfMg==
  /@rollup/plugin-json/4.1.0_rollup@2.60.0:
    dependencies:
      '@rollup/pluginutils': 3.1.0_rollup@2.60.0
      rollup: 2.60.0
    dev: true
    peerDependencies:
      rollup: ^1.20.0 || ^2.0.0
    resolution:
      integrity: sha512-yfLbTdNS6amI/2OpmbiBoW12vngr5NW2jCJVZSBEz+H5KfUJZ2M7sDjk0U6GOOdCWFVScShte29o9NezJ53TPw==
  /@rollup/plugin-node-resolve/13.0.6_rollup@2.60.0:
    dependencies:
      '@rollup/pluginutils': 3.1.0_rollup@2.60.0
      '@types/resolve': 1.17.1
      builtin-modules: 3.2.0
      deepmerge: 4.2.2
      is-module: 1.0.0
      resolve: 1.20.0
      rollup: 2.60.0
    dev: true
    engines:
      node: '>= 10.0.0'
    peerDependencies:
      rollup: ^2.42.0
    resolution:
      integrity: sha512-sFsPDMPd4gMqnh2gS0uIxELnoRUp5kBl5knxD2EO0778G1oOJv4G1vyT2cpWz75OU2jDVcXhjVUuTAczGyFNKA==
  /@rollup/plugin-typescript/8.3.0_15dfac413fd0241781a9fd89f988e2e5:
    dependencies:
      '@rollup/pluginutils': 3.1.0_rollup@2.60.0
      resolve: 1.20.0
      rollup: 2.60.0
      tslib: 2.3.1
      typescript: 4.4.4
    dev: true
    engines:
      node: '>=8.0.0'
    peerDependencies:
      rollup: ^2.14.0
      tslib: '*'
      typescript: '>=3.7.0'
    resolution:
      integrity: sha512-I5FpSvLbtAdwJ+naznv+B4sjXZUcIvLLceYpITAn7wAP8W0wqc5noLdGIp9HGVntNhRWXctwPYrSSFQxtl0FPA==
  /@rollup/pluginutils/3.1.0_rollup@2.60.0:
    dependencies:
      '@types/estree': 0.0.39
      estree-walker: 1.0.1
      picomatch: 2.3.0
      rollup: 2.60.0
    dev: true
    engines:
      node: '>= 8.0.0'
    peerDependencies:
      rollup: ^1.20.0||^2.0.0
    resolution:
      integrity: sha512-GksZ6pr6TpIjHm8h9lSQ8pi8BE9VeubNT0OMJ3B5uZJ8pz73NPiqOtCog/x2/QzM1ENChPKxMDhiQuRHsqc+lg==
  /@types/estree/0.0.39:
    dev: true
    resolution:
      integrity: sha512-EYNwp3bU+98cpU4lAWYYL7Zz+2gryWH1qbdDTidVd6hkiR6weksdbMadyXKXNPEkQFhXM+hVO9ZygomHXp+AIw==
  /@types/estree/0.0.50:
    dev: true
    resolution:
      integrity: sha512-C6N5s2ZFtuZRj54k2/zyRhNDjJwwcViAM3Nbm8zjBpbqAdZ00mr0CFxvSKeO8Y/e03WVFLpQMdHYVfUd6SB+Hw==
  /@types/node/16.11.7:
    dev: true
    resolution:
      integrity: sha512-QB5D2sqfSjCmTuWcBWyJ+/44bcjO7VbjSbOE0ucoVbAsSNQc4Lt6QkgkVXkTDwkL4z/beecZNDvVX15D4P8Jbw==
  /@types/resolve/1.17.1:
    dependencies:
      '@types/node': 16.11.7
    dev: true
    resolution:
      integrity: sha512-yy7HuzQhj0dhGpD8RLXSZWEkLsV9ibvxvi6EiJ3bkqLAO1RGo0WbkWQiwpRlSFymTJRz0d3k5LM3kkx8ArDbLw==
  /abstract-leveldown/0.12.4:
    dependencies:
      xtend: 3.0.0
    dev: true
    resolution:
      integrity: sha1-KeGOYy5g5OIh1YECR4UqY9ey5BA=
  /asn1.js/5.4.1:
    dependencies:
      bn.js: 4.12.0
      inherits: 2.0.4
      minimalistic-assert: 1.0.1
      safer-buffer: 2.1.2
    dev: true
    resolution:
      integrity: sha512-+I//4cYPccV8LdmBLiX8CYvf9Sp3vQsrqu2QNXRcrbiWvcx/UdlFiqUJJzxRQxgsZmvhXhn4cSKeSmoFjVdupA==
  /balanced-match/1.0.2:
    dev: true
    resolution:
      integrity: sha512-3oSeUO0TMV67hN1AmbXsK4yaqU7tjiHlbxRDZOpH0KW9+CeX4bRAaX0Anxt0tx2MrpRpWwQaPwIlISEJhYU5Pw==
  /bl/0.8.2:
    dependencies:
      readable-stream: 1.0.34
    dev: true
    resolution:
      integrity: sha1-yba8oI0bwuoA/Ir7Txpf0eHGbk4=
  /bn.js/4.12.0:
    dev: true
    resolution:
      integrity: sha512-c98Bf3tPniI+scsdk237ku1Dc3ujXQTSgyiPUDEOe7tRkhrqridvh8klBv0HCEso1OLOYcHuCv/cS6DNxKH+ZA==
  /bn.js/5.2.0:
    dev: true
    resolution:
      integrity: sha512-D7iWRBvnZE8ecXiLj/9wbxH7Tk79fAh8IHaTNq1RWRixsS02W+5qS+iE9yq6RYl0asXx5tw0bLhmT5pIfbSquw==
  /brace-expansion/1.1.11:
    dependencies:
      balanced-match: 1.0.2
      concat-map: 0.0.1
    dev: true
    resolution:
      integrity: sha512-iCuPHDFgrHX7H2vEI/5xpz07zSHB00TpugqhmYtVmMO6518mCuRMoOYFldEBl0g187ufozdaHgWKcYFb61qGiA==
  /brorand/1.1.0:
    dev: true
    resolution:
      integrity: sha1-EsJe/kCkXjwyPrhnWgoM5XsiNx8=
  /browserify-aes/1.2.0:
    dependencies:
      buffer-xor: 1.0.3
      cipher-base: 1.0.4
      create-hash: 1.2.0
      evp_bytestokey: 1.0.3
      inherits: 2.0.4
      safe-buffer: 5.2.1
    dev: true
    resolution:
      integrity: sha512-+7CHXqGuspUn/Sl5aO7Ea0xWGAtETPXNSAjHo48JfLdPWcMng33Xe4znFvQweqc/uzk5zSOI3H52CYnjCfb5hA==
  /browserify-cipher/1.0.1:
    dependencies:
      browserify-aes: 1.2.0
      browserify-des: 1.0.2
      evp_bytestokey: 1.0.3
    dev: true
    resolution:
      integrity: sha512-sPhkz0ARKbf4rRQt2hTpAHqn47X3llLkUGn+xEJzLjwY8LRs2p0v7ljvI5EyoRO/mexrNunNECisZs+gw2zz1w==
  /browserify-des/1.0.2:
    dependencies:
      cipher-base: 1.0.4
      des.js: 1.0.1
      inherits: 2.0.4
      safe-buffer: 5.2.1
    dev: true
    resolution:
      integrity: sha512-BioO1xf3hFwz4kc6iBhI3ieDFompMhrMlnDFC4/0/vd5MokpuAc3R+LYbwTA9A5Yc9pq9UYPqffKpW2ObuwX5A==
  /browserify-fs/1.0.0:
    dependencies:
      level-filesystem: 1.2.0
      level-js: 2.2.4
      levelup: 0.18.6
    dev: true
    resolution:
      integrity: sha1-8HWqinKdTRcW0GZiDjhvzBMRqW8=
  /browserify-rsa/4.1.0:
    dependencies:
      bn.js: 5.2.0
      randombytes: 2.1.0
    dev: true
    resolution:
      integrity: sha512-AdEER0Hkspgno2aR97SAf6vi0y0k8NuOpGnVH3O99rcA5Q6sh8QxcngtHuJ6uXwnfAXNM4Gn1Gb7/MV1+Ymbog==
  /browserify-sign/4.2.1:
    dependencies:
      bn.js: 5.2.0
      browserify-rsa: 4.1.0
      create-hash: 1.2.0
      create-hmac: 1.1.7
      elliptic: 6.5.4
      inherits: 2.0.4
      parse-asn1: 5.1.6
      readable-stream: 3.6.0
      safe-buffer: 5.2.1
    dev: true
    resolution:
      integrity: sha512-/vrA5fguVAKKAVTNJjgSm1tRQDHUU6DbwO9IROu/0WAzC8PKhucDSh18J0RMvVeHAn5puMd+QHC2erPRNf8lmg==
  /buffer-es6/4.9.3:
    dev: true
    resolution:
      integrity: sha1-8mNHuC33b9N+GLy1KIxJcM/VxAQ=
  /buffer-from/1.1.2:
    dev: true
    resolution:
      integrity: sha512-E+XQCRwSbaaiChtv6k6Dwgc+bx+Bs6vuKJHHl5kox/BaKbhiXzqQOwK4cO22yElGp2OCmjwVhT3HmxgyPGnJfQ==
  /buffer-xor/1.0.3:
    dev: true
    resolution:
      integrity: sha1-JuYe0UIvtw3ULm42cp7VHYVf6Nk=
  /builtin-modules/3.2.0:
    dev: true
    engines:
      node: '>=6'
    resolution:
      integrity: sha512-lGzLKcioL90C7wMczpkY0n/oART3MbBa8R9OFGE1rJxoVI86u4WAGfEk8Wjv10eKSyTHVGkSo3bvBylCEtk7LA==
  /cipher-base/1.0.4:
    dependencies:
      inherits: 2.0.4
      safe-buffer: 5.2.1
    dev: true
    resolution:
      integrity: sha512-Kkht5ye6ZGmwv40uUDZztayT2ThLQGfnj/T71N/XzeZeo3nf8foyW7zGTsPYkEya3m5f3cAypH+qe7YOrM1U2Q==
  /clone/0.1.19:
    dev: true
    resolution:
      integrity: sha1-YT+2hjmyaklKxTJT4Vsaa9iK2oU=
  /commondir/1.0.1:
    dev: true
    resolution:
      integrity: sha1-3dgA2gxmEnOTzKWVDqloo6rxJTs=
  /concat-map/0.0.1:
    dev: true
    resolution:
      integrity: sha1-2Klr13/Wjfd5OnMDajug1UBdR3s=
  /concat-stream/1.6.2:
    dependencies:
      buffer-from: 1.1.2
      inherits: 2.0.4
      readable-stream: 2.3.7
      typedarray: 0.0.6
    dev: true
    engines:
      '0': node >= 0.8
    resolution:
      integrity: sha512-27HBghJxjiZtIk3Ycvn/4kbJk/1uZuJFfuPEns6LaEvpvG1f0hTea8lilrouyo9mVc2GWdcEZ8OLoGmSADlrCw==
  /core-util-is/1.0.3:
    dev: true
    resolution:
      integrity: sha512-ZQBvi1DcpJ4GDqanjucZ2Hj3wEO5pZDS89BWbkcrvdxksJorwUDDZamX9ldFkp9aw2lmBDLgkObEA4DWNJ9FYQ==
  /create-ecdh/4.0.4:
    dependencies:
      bn.js: 4.12.0
      elliptic: 6.5.4
    dev: true
    resolution:
      integrity: sha512-mf+TCx8wWc9VpuxfP2ht0iSISLZnt0JgWlrOKZiNqyUZWnjIaCIVNQArMHnCZKfEYRg6IM7A+NeJoN8gf/Ws0A==
  /create-hash/1.2.0:
    dependencies:
      cipher-base: 1.0.4
      inherits: 2.0.4
      md5.js: 1.3.5
      ripemd160: 2.0.2
      sha.js: 2.4.11
    dev: true
    resolution:
      integrity: sha512-z00bCGNHDG8mHAkP7CtT1qVu+bFQUPjYq/4Iv3C3kWjTFV10zIjfSoeqXo9Asws8gwSHDGj/hl2u4OGIjapeCg==
  /create-hmac/1.1.7:
    dependencies:
      cipher-base: 1.0.4
      create-hash: 1.2.0
      inherits: 2.0.4
      ripemd160: 2.0.2
      safe-buffer: 5.2.1
      sha.js: 2.4.11
    dev: true
    resolution:
      integrity: sha512-MJG9liiZ+ogc4TzUwuvbER1JRdgvUFSB5+VR/g5h82fGaIRWMWddtKBHi7/sVhfjQZ6SehlyhvQYrcYkaUIpLg==
  /crypto-browserify/3.12.0:
    dependencies:
      browserify-cipher: 1.0.1
      browserify-sign: 4.2.1
      create-ecdh: 4.0.4
      create-hash: 1.2.0
      create-hmac: 1.1.7
      diffie-hellman: 5.0.3
      inherits: 2.0.4
      pbkdf2: 3.1.2
      public-encrypt: 4.0.3
      randombytes: 2.1.0
      randomfill: 1.0.4
    dev: true
    resolution:
      integrity: sha512-fz4spIh+znjO2VjL+IdhEpRJ3YN6sMzITSBijk6FK2UvTqruSQW+/cCZTSNsMiZNvUeq0CqurF+dAbyiGOY6Wg==
  /deepmerge/4.2.2:
    dev: true
    engines:
      node: '>=0.10.0'
    resolution:
      integrity: sha512-FJ3UgI4gIl+PHZm53knsuSFpE+nESMr7M4v9QcgB7S63Kj/6WqMiFQJpBBYz1Pt+66bZpP3Q7Lye0Oo9MPKEdg==
  /deferred-leveldown/0.2.0:
    dependencies:
      abstract-leveldown: 0.12.4
    dev: true
    resolution:
      integrity: sha1-LO8fER4cV4cNi7uK8mUOWHzS9bQ=
  /des.js/1.0.1:
    dependencies:
      inherits: 2.0.4
      minimalistic-assert: 1.0.1
    dev: true
    resolution:
      integrity: sha512-Q0I4pfFrv2VPd34/vfLrFOoRmlYj3OV50i7fskps1jZWK1kApMWWT9G6RRUeYedLcBDIhnSDaUvJMb3AhUlaEA==
  /diffie-hellman/5.0.3:
    dependencies:
      bn.js: 4.12.0
      miller-rabin: 4.0.1
      randombytes: 2.1.0
    dev: true
    resolution:
      integrity: sha512-kqag/Nl+f3GwyK25fhUMYj81BUOrZ9IuJsjIcDE5icNM9FJHAVm3VcUDxdLPoQtTuUylWm6ZIknYJwwaPxsUzg==
  /elliptic/6.5.4:
    dependencies:
      bn.js: 4.12.0
      brorand: 1.1.0
      hash.js: 1.1.7
      hmac-drbg: 1.0.1
      inherits: 2.0.4
      minimalistic-assert: 1.0.1
      minimalistic-crypto-utils: 1.0.1
    dev: true
    resolution:
      integrity: sha512-iLhC6ULemrljPZb+QutR5TQGB+pdW6KGD5RSegS+8sorOZT+rdQFbsQFJgvN3eRqNALqJer4oQ16YvJHlU8hzQ==
  /errno/0.1.8:
    dependencies:
      prr: 1.0.1
    dev: true
    hasBin: true
    resolution:
      integrity: sha512-dJ6oBr5SQ1VSd9qkk7ByRgb/1SH4JZjCHSW/mr63/QcXO9zLVxvJ6Oy13nio03rxpSnVDDjFor75SjVeZWPW/A==
  /estree-walker/1.0.1:
    dev: true
    resolution:
      integrity: sha512-1fMXF3YP4pZZVozF8j/ZLfvnR8NSIljt56UhbZ5PeeDmmGHpgpdwQt7ITlGvYaQukCvuBRMLEiKiYC+oeIg4cg==
  /estree-walker/2.0.2:
    dev: true
    resolution:
      integrity: sha512-Rfkk/Mp/DL7JVje3u18FxFujQlTNR2q6QfMSMB7AvCBx91NGj/ba3kCfza0f6dVDbw7YlRf/nDrn7pQrCCyQ/w==
  /evp_bytestokey/1.0.3:
    dependencies:
      md5.js: 1.3.5
      safe-buffer: 5.2.1
    dev: true
    resolution:
      integrity: sha512-/f2Go4TognH/KvCISP7OUsHn85hT9nUkxxA9BEWxFn+Oj9o8ZNLm/40hdlgSLyuOimsrTKLUMEorQexp/aPQeA==
  /foreach/2.0.5:
    dev: true
    resolution:
      integrity: sha1-C+4AUBiusmDQo6865ljdATbsG5k=
  /fs.realpath/1.0.0:
    dev: true
    resolution:
      integrity: sha1-FQStJSMVjKpA20onh8sBQRmU6k8=
  /fsevents/2.3.2:
    dev: true
    engines:
      node: ^8.16.0 || ^10.6.0 || >=11.0.0
    optional: true
    os:
      - darwin
    resolution:
      integrity: sha512-xiqMQR4xAeHTuB9uWm+fFRcIOgKBMiOBP+eXiyT7jsgVCq1bkVygt00oASowB7EdtpOHaaPgKt812P9ab+DDKA==
  /function-bind/1.1.1:
    dev: true
    resolution:
      integrity: sha512-yIovAzMX49sF8Yl58fSCWJ5svSLuaibPxXQJFLmBObTuCr0Mf1KiPopGM9NiFjiYBCbfaa2Fh6breQ6ANVTI0A==
  /fwd-stream/1.0.4:
    dependencies:
      readable-stream: 1.0.34
    dev: true
    resolution:
      integrity: sha1-7Sgcq+1G/uz5Ie4y3ExQs3KsfPo=
  /glob/7.2.0:
    dependencies:
      fs.realpath: 1.0.0
      inflight: 1.0.6
      inherits: 2.0.4
      minimatch: 3.0.4
      once: 1.4.0
      path-is-absolute: 1.0.1
    dev: true
    resolution:
      integrity: sha512-lmLf6gtyrPq8tTjSmrO94wBeQbFR3HbLHbuyD69wuyQkImp2hWqMGB47OX65FBkPffO641IP9jWa1z4ivqG26Q==
  /has/1.0.3:
    dependencies:
      function-bind: 1.1.1
    dev: true
    engines:
      node: '>= 0.4.0'
    resolution:
      integrity: sha512-f2dvO0VU6Oej7RkWJGrehjbzMAjFp5/VKPp5tTpWIV4JHHZK1/BxbFRtf/siA2SWTe09caDmVtYYzWEIbBS4zw==
  /hash-base/3.1.0:
    dependencies:
      inherits: 2.0.4
      readable-stream: 3.6.0
      safe-buffer: 5.2.1
    dev: true
    engines:
      node: '>=4'
    resolution:
      integrity: sha512-1nmYp/rhMDiE7AYkDw+lLwlAzz0AntGIe51F3RfFfEqyQ3feY2eI/NcwC6umIQVOASPMsWJLJScWKSSvzL9IVA==
  /hash.js/1.1.7:
    dependencies:
      inherits: 2.0.4
      minimalistic-assert: 1.0.1
    dev: true
    resolution:
      integrity: sha512-taOaskGt4z4SOANNseOviYDvjEJinIkRgmp7LbKP2YTTmVxWBl87s/uzK9r+44BclBSp2X7K1hqeNfz9JbBeXA==
  /hmac-drbg/1.0.1:
    dependencies:
      hash.js: 1.1.7
      minimalistic-assert: 1.0.1
      minimalistic-crypto-utils: 1.0.1
    dev: true
    resolution:
      integrity: sha1-0nRXAQJabHdabFRXk+1QL8DGSaE=
  /idb-wrapper/1.7.2:
    dev: true
    resolution:
      integrity: sha512-zfNREywMuf0NzDo9mVsL0yegjsirJxHpKHvWcyRozIqQy89g0a3U+oBPOCN4cc0oCiOuYgZHimzaW/R46G1Mpg==
  /indexof/0.0.1:
    dev: true
    resolution:
      integrity: sha1-gtwzbSMrkGIXnQWrMpOmYFn9Q10=
  /inflight/1.0.6:
    dependencies:
      once: 1.4.0
      wrappy: 1.0.2
    dev: true
    resolution:
      integrity: sha1-Sb1jMdfQLQwJvJEKEHW6gWW1bfk=
  /inherits/2.0.4:
    dev: true
    resolution:
      integrity: sha512-k/vGaX4/Yla3WzyMCvTQOXYeIHvqOKtnqBduzTHpzpQZzAskKMhZ2K+EnBiSM9zGSoIFeMpXKxa4dYeZIQqewQ==
  /is-core-module/2.8.0:
    dependencies:
      has: 1.0.3
    dev: true
    resolution:
      integrity: sha512-vd15qHsaqrRL7dtH6QNuy0ndJmRDrS9HAM1CAiSifNUFv4x1a0CCVsj18hJ1mShxIG6T2i1sO78MkP56r0nYRw==
  /is-module/1.0.0:
    dev: true
    resolution:
      integrity: sha1-Mlj7afeMFNW4FdZkM2tM/7ZEFZE=
  /is-object/0.1.2:
    dev: true
    resolution:
      integrity: sha1-AO+8CIFsM8/ErIJR0TLhDcZQmNc=
  /is-reference/1.2.1:
    dependencies:
      '@types/estree': 0.0.50
    dev: true
    resolution:
      integrity: sha512-U82MsXXiFIrjCK4otLT+o2NA2Cd2g5MLoOVXUZjIOhLurrRxpEXzI8O0KZHr3IjLvlAH1kTPYSuqer5T9ZVBKQ==
  /is/0.2.7:
    dev: true
    resolution:
      integrity: sha1-OzSixI81mXLzUEKEkZOucmS2NWI=
  /isarray/0.0.1:
    dev: true
    resolution:
      integrity: sha1-ihis/Kmo9Bd+Cav8YDiTmwXR7t8=
  /isarray/1.0.0:
    dev: true
    resolution:
      integrity: sha1-u5NdSFgsuhaMBoNJV6VKPgcSTxE=
  /isbuffer/0.0.0:
    dev: true
    resolution:
      integrity: sha1-OMFG2d9Si4v5sHAcPUPPEt8/w5s=
  /level-blobs/0.1.7:
    dependencies:
      level-peek: 1.0.6
      once: 1.4.0
      readable-stream: 1.1.14
    dev: true
    resolution:
      integrity: sha1-mrm5e7mfHtv594o0M+Ie1WOGva8=
  /level-filesystem/1.2.0:
    dependencies:
      concat-stream: 1.6.2
      errno: 0.1.8
      fwd-stream: 1.0.4
      level-blobs: 0.1.7
      level-peek: 1.0.6
      level-sublevel: 5.2.3
      octal: 1.0.0
      once: 1.4.0
      xtend: 2.2.0
    dev: true
    resolution:
      integrity: sha1-oArKmRnEpN+v3KaoEI0iWq3/Y7M=
  /level-fix-range/1.0.2:
    dev: true
    resolution:
      integrity: sha1-vxW5Fa422EcMgh6IPd95zRZCCCg=
  /level-fix-range/2.0.0:
    dependencies:
      clone: 0.1.19
    dev: true
    resolution:
      integrity: sha1-xBfWIVlEIVGhnZojZ4aPFyTC1Ug=
  /level-hooks/4.5.0:
    dependencies:
      string-range: 1.2.2
    dev: true
    resolution:
      integrity: sha1-G5rmGSKTDzMF0aYfxNg8gQLA3ZM=
  /level-js/2.2.4:
    dependencies:
      abstract-leveldown: 0.12.4
      idb-wrapper: 1.7.2
      isbuffer: 0.0.0
      ltgt: 2.2.1
      typedarray-to-buffer: 1.0.4
      xtend: 2.1.2
    dev: true
    resolution:
      integrity: sha1-vAVfQYBjXUSJtWHJSG+jcOjBFpc=
  /level-peek/1.0.6:
    dependencies:
      level-fix-range: 1.0.2
    dev: true
    resolution:
      integrity: sha1-vsUccqgu5GTTNkNMfIdsP8vM538=
  /level-sublevel/5.2.3:
    dependencies:
      level-fix-range: 2.0.0
      level-hooks: 4.5.0
      string-range: 1.2.2
      xtend: 2.0.6
    dev: true
    resolution:
      integrity: sha1-dEwSxy0ucr543eO5tc2E1iGRQTo=
  /levelup/0.18.6:
    dependencies:
      bl: 0.8.2
      deferred-leveldown: 0.2.0
      errno: 0.1.8
      prr: 0.0.0
      readable-stream: 1.0.34
      semver: 2.3.2
      xtend: 3.0.0
    dev: true
    resolution:
      integrity: sha1-5qAcsIlhbI7MApHCqb0/DETj5es=
  /ltgt/2.2.1:
    dev: true
    resolution:
      integrity: sha1-81ypHEk/e3PaDgdJUwTxezH4fuU=
  /magic-string/0.25.7:
    dependencies:
      sourcemap-codec: 1.4.8
    dev: true
    resolution:
      integrity: sha512-4CrMT5DOHTDk4HYDlzmwu4FVCcIYI8gauveasrdCu2IKIFOJ3f0v/8MDGJCDL9oD2ppz/Av1b0Nj345H9M+XIA==
  /md5.js/1.3.5:
    dependencies:
      hash-base: 3.1.0
      inherits: 2.0.4
      safe-buffer: 5.2.1
    dev: true
    resolution:
      integrity: sha512-xitP+WxNPcTTOgnTJcrhM0xvdPepipPSf3I8EIpGKeFLjt3PlJLIDG3u8EX53ZIubkb+5U2+3rELYpEhHhzdkg==
  /miller-rabin/4.0.1:
    dependencies:
      bn.js: 4.12.0
      brorand: 1.1.0
    dev: true
    hasBin: true
    resolution:
      integrity: sha512-115fLhvZVqWwHPbClyntxEVfVDfl9DLLTuJvq3g2O/Oxi8AiNouAHvDSzHS0viUJc+V5vm3eq91Xwqn9dp4jRA==
  /minimalistic-assert/1.0.1:
    dev: true
    resolution:
      integrity: sha512-UtJcAD4yEaGtjPezWuO9wC4nwUnVH/8/Im3yEHQP4b67cXlD/Qr9hdITCU1xDbSEXg2XKNaP8jsReV7vQd00/A==
  /minimalistic-crypto-utils/1.0.1:
    dev: true
    resolution:
      integrity: sha1-9sAMHAsIIkblxNmd+4x8CDsrWCo=
  /minimatch/3.0.4:
    dependencies:
      brace-expansion: 1.1.11
    dev: true
    resolution:
      integrity: sha512-yJHVQEhyqPLUTgt9B83PXu6W3rx4MvvHvSUvToogpwoGDOUQ+yDrR0HRot+yOCdCO7u4hX3pWft6kWBBcqh0UA==
  /object-keys/0.2.0:
    dependencies:
      foreach: 2.0.5
      indexof: 0.0.1
      is: 0.2.7
    deprecated: Please update to the latest object-keys
    dev: true
    resolution:
      integrity: sha1-zd7AKZiwkb5CvxA1rjLknxy26mc=
  /object-keys/0.4.0:
    dev: true
    resolution:
      integrity: sha1-KKaq50KN0sOpLz2V8hM13SBOAzY=
  /octal/1.0.0:
    dev: true
    resolution:
      integrity: sha1-Y+cWKmjvvrniE1iNWOmJ0eXEUws=
  /once/1.4.0:
    dependencies:
      wrappy: 1.0.2
    dev: true
    resolution:
      integrity: sha1-WDsap3WWHUsROsF9nFC6753Xa9E=
  /parse-asn1/5.1.6:
    dependencies:
      asn1.js: 5.4.1
      browserify-aes: 1.2.0
      evp_bytestokey: 1.0.3
      pbkdf2: 3.1.2
      safe-buffer: 5.2.1
    dev: true
    resolution:
      integrity: sha512-RnZRo1EPU6JBnra2vGHj0yhp6ebyjBZpmUCLHWiFhxlzvBCCpAuZ7elsBp1PVAbQN0/04VD/19rfzlBSwLstMw==
  /path-is-absolute/1.0.1:
    dev: true
    engines:
      node: '>=0.10.0'
    resolution:
      integrity: sha1-F0uSaHNVNP+8es5r9TpanhtcX18=
  /path-parse/1.0.7:
    dev: true
    resolution:
      integrity: sha512-LDJzPVEEEPR+y48z93A0Ed0yXb8pAByGWo/k5YYdYgpY2/2EsOsksJrq7lOHxryrVOn1ejG6oAp8ahvOIQD8sw==
  /pbkdf2/3.1.2:
    dependencies:
      create-hash: 1.2.0
      create-hmac: 1.1.7
      ripemd160: 2.0.2
      safe-buffer: 5.2.1
      sha.js: 2.4.11
    dev: true
    engines:
      node: '>=0.12'
    resolution:
      integrity: sha512-iuh7L6jA7JEGu2WxDwtQP1ddOpaJNC4KlDEFfdQajSGgGPNi4OyDc2R7QnbY2bR9QjBVGwgvTdNJZoE7RaxUMA==
  /picomatch/2.3.0:
    dev: true
    engines:
      node: '>=8.6'
    resolution:
      integrity: sha512-lY1Q/PiJGC2zOv/z391WOTD+Z02bCgsFfvxoXXf6h7kv9o+WmsmzYqrAwY63sNgOxE4xEdq0WyUnXfKeBrSvYw==
  /process-es6/0.11.6:
    dev: true
    resolution:
      integrity: sha1-xrs4n5qVH4K9TrFpYAEFvS/5x3g=
  /process-nextick-args/2.0.1:
    dev: true
    resolution:
      integrity: sha512-3ouUOpQhtgrbOa17J7+uxOTpITYWaGP7/AhoR3+A+/1e9skrzelGi/dXzEYyvbxubEF6Wn2ypscTKiKJFFn1ag==
  /prr/0.0.0:
    dev: true
    resolution:
      integrity: sha1-GoS4WQgyVQFBGFPQCB7j+obikmo=
  /prr/1.0.1:
    dev: true
    resolution:
      integrity: sha1-0/wRS6BplaRexok/SEzrHXj19HY=
  /public-encrypt/4.0.3:
    dependencies:
      bn.js: 4.12.0
      browserify-rsa: 4.1.0
      create-hash: 1.2.0
      parse-asn1: 5.1.6
      randombytes: 2.1.0
      safe-buffer: 5.2.1
    dev: true
    resolution:
      integrity: sha512-zVpa8oKZSz5bTMTFClc1fQOnyyEzpl5ozpi1B5YcvBrdohMjH2rfsBtyXcuNuwjsDIXmBYlF2N5FlJYhR29t8Q==
  /randombytes/2.1.0:
    dependencies:
      safe-buffer: 5.2.1
    dev: true
    resolution:
      integrity: sha512-vYl3iOX+4CKUWuxGi9Ukhie6fsqXqS9FE2Zaic4tNFD2N2QQaXOMFbuKK4QmDHC0JO6B1Zp41J0LpT0oR68amQ==
  /randomfill/1.0.4:
    dependencies:
      randombytes: 2.1.0
      safe-buffer: 5.2.1
    dev: true
    resolution:
      integrity: sha512-87lcbR8+MhcWcUiQ+9e+Rwx8MyR2P7qnt15ynUlbm3TU/fjbgz4GsvfSUDTemtCCtVCqb4ZcEFlyPNTh9bBTLw==
  /readable-stream/1.0.34:
    dependencies:
      core-util-is: 1.0.3
      inherits: 2.0.4
      isarray: 0.0.1
      string_decoder: 0.10.31
    dev: true
    resolution:
      integrity: sha1-Elgg40vIQtLyqq+v5MKRbuMsFXw=
  /readable-stream/1.1.14:
    dependencies:
      core-util-is: 1.0.3
      inherits: 2.0.4
      isarray: 0.0.1
      string_decoder: 0.10.31
    dev: true
    resolution:
      integrity: sha1-fPTFTvZI44EwhMY23SB54WbAgdk=
  /readable-stream/2.3.7:
    dependencies:
      core-util-is: 1.0.3
      inherits: 2.0.4
      isarray: 1.0.0
      process-nextick-args: 2.0.1
      safe-buffer: 5.1.2
      string_decoder: 1.1.1
      util-deprecate: 1.0.2
    dev: true
    resolution:
      integrity: sha512-Ebho8K4jIbHAxnuxi7o42OrZgF/ZTNcsZj6nRKyUmkhLFq8CHItp/fy6hQZuZmP/n3yZ9VBUbp4zz/mX8hmYPw==
  /readable-stream/3.6.0:
    dependencies:
      inherits: 2.0.4
      string_decoder: 1.3.0
      util-deprecate: 1.0.2
    dev: true
    engines:
      node: '>= 6'
    resolution:
      integrity: sha512-BViHy7LKeTz4oNnkcLJ+lVSL6vpiFeX6/d3oSH8zCW7UxP2onchk+vTGB143xuFjHS3deTgkKoXXymXqymiIdA==
  /resolve/1.20.0:
    dependencies:
      is-core-module: 2.8.0
      path-parse: 1.0.7
    dev: true
    resolution:
      integrity: sha512-wENBPt4ySzg4ybFQW2TT1zMQucPK95HSh/nq2CFTZVOGut2+pQvSsgtda4d26YrYcr067wjbmzOG8byDPBX63A==
  /ripemd160/2.0.2:
    dependencies:
      hash-base: 3.1.0
      inherits: 2.0.4
    dev: true
    resolution:
      integrity: sha512-ii4iagi25WusVoiC4B4lq7pbXfAp3D9v5CwfkY33vffw2+pkDjY1D8GaN7spsxvCSx8dkPqOZCEZyfxcmJG2IA==
  /rollup-plugin-node-builtins/2.1.2:
    dependencies:
      browserify-fs: 1.0.0
      buffer-es6: 4.9.3
      crypto-browserify: 3.12.0
      process-es6: 0.11.6
    dev: true
    resolution:
      integrity: sha1-JKH+1KQyV7a2Q3HYq8bOGrFFl+k=
  /rollup/2.60.0:
    dev: true
    engines:
      node: '>=10.0.0'
    hasBin: true
    optionalDependencies:
      fsevents: 2.3.2
    resolution:
      integrity: sha512-cHdv9GWd58v58rdseC8e8XIaPUo8a9cgZpnCMMDGZFDZKEODOiPPEQFXLriWr/TjXzhPPmG5bkAztPsOARIcGQ==
  /safe-buffer/5.1.2:
    dev: true
    resolution:
      integrity: sha512-Gd2UZBJDkXlY7GbJxfsE8/nvKkUEU1G38c1siN6QP6a9PT9MmHB8GnpscSmMJSoF8LOIrt8ud/wPtojys4G6+g==
  /safe-buffer/5.2.1:
    dev: true
    resolution:
      integrity: sha512-rp3So07KcdmmKbGvgaNxQSJr7bGVSVk5S9Eq1F+ppbRo70+YeaDxkw5Dd8NPN+GD6bjnYm2VuPuCXmpuYvmCXQ==
  /safer-buffer/2.1.2:
    dev: true
    resolution:
      integrity: sha512-YZo3K82SD7Riyi0E1EQPojLz7kpepnSQI9IyPbHHg1XXXevb5dJI7tpyN2ADxGcQbHG7vcyRHk0cbwqcQriUtg==
  /semver/2.3.2:
    dev: true
    hasBin: true
    resolution:
      integrity: sha1-uYSPJdbPNjMwc+ye+IVtQvEjPlI=
  /sha.js/2.4.11:
    dependencies:
      inherits: 2.0.4
      safe-buffer: 5.2.1
    dev: true
    hasBin: true
    resolution:
      integrity: sha512-QMEp5B7cftE7APOjk5Y6xgrbWu+WkLVQwk8JNjZ8nKRciZaByEW6MubieAiToS7+dwvrjGhH8jRXz3MVd0AYqQ==
  /sourcemap-codec/1.4.8:
    dev: true
    resolution:
      integrity: sha512-9NykojV5Uih4lgo5So5dtw+f0JgJX30KCNI8gwhz2J9A15wD0Ml6tjHKwf6fTSa6fAdVBdZeNOs9eJ71qCk8vA==
  /string-range/1.2.2:
    dev: true
    resolution:
      integrity: sha1-qJPtNH5yKZvIO++78qaSqNI51d0=
  /string_decoder/0.10.31:
    dev: true
    resolution:
      integrity: sha1-YuIDvEF2bGwoyfyEMB2rHFMQ+pQ=
  /string_decoder/1.1.1:
    dependencies:
      safe-buffer: 5.1.2
    dev: true
    resolution:
      integrity: sha512-n/ShnvDi6FHbbVfviro+WojiFzv+s8MPMHBczVePfUpDJLwoLT0ht1l4YwBCbi8pJAveEEdnkHyPyTP/mzRfwg==
  /string_decoder/1.3.0:
    dependencies:
      safe-buffer: 5.2.1
    dev: true
    resolution:
      integrity: sha512-hkRX8U1WjJFd8LsDJ2yQ/wWWxaopEsABU1XfkM8A+j0+85JAGppt16cr1Whg6KIbb4okU6Mql6BOj+uup/wKeA==
  /tslib/2.3.1:
    dev: true
    resolution:
      integrity: sha512-77EbyPPpMz+FRFRuAFlWMtmgUWGe9UOG2Z25NqCwiIjRhOf5iKGuzSe5P2w1laq+FkRy4p+PCuVkJSGkzTEKVw==
  /typedarray-to-buffer/1.0.4:
    dev: true
    resolution:
      integrity: sha1-m7i6DoQfs/TPH+fCRenz+opf6Zw=
  /typedarray/0.0.6:
    dev: true
    resolution:
      integrity: sha1-hnrHTjhkGHsdPUfZlqeOxciDB3c=
  /typescript/4.4.4:
    dev: true
    engines:
      node: '>=4.2.0'
    hasBin: true
    resolution:
      integrity: sha512-DqGhF5IKoBl8WNf8C1gu8q0xZSInh9j1kJJMqT3a94w1JzVaBU4EXOSMrz9yDqMT0xt3selp83fuFMQ0uzv6qA==
  /util-deprecate/1.0.2:
    dev: true
    resolution:
      integrity: sha1-RQ1Nyfpw3nMnYvvS1KKJgUGaDM8=
  /wrappy/1.0.2:
    dev: true
    resolution:
      integrity: sha1-tSQ9jz7BqjXxNkYFvA0QNuMKtp8=
  /xtend/2.0.6:
    dependencies:
      is-object: 0.1.2
      object-keys: 0.2.0
    dev: true
    engines:
      node: '>=0.4'
    resolution:
      integrity: sha1-XqZXptukRwacLlnFihE4ywxebO4=
  /xtend/2.1.2:
    dependencies:
      object-keys: 0.4.0
    dev: true
    engines:
      node: '>=0.4'
    resolution:
      integrity: sha1-bv7MKk2tjmlixJAbM3znuoe10os=
  /xtend/2.2.0:
    dev: true
    engines:
      node: '>=0.4'
    resolution:
      integrity: sha1-7vax8ZjByN6vrYsXZaBNrUoBxak=
  /xtend/3.0.0:
    dev: true
    engines:
      node: '>=0.4'
    resolution:
      integrity: sha1-XM50B7r2Qsunvs2laBEcST9ZZlo=
specifiers:
  '@rollup/plugin-commonjs': 21.0.1
  '@rollup/plugin-json': 4.1.0
  '@rollup/plugin-node-resolve': 13.0.6
  '@rollup/plugin-typescript': 8.3.0
  rollup: 2.60.0
  rollup-plugin-node-builtins: 2.1.2
  tslib: 2.3.1
  typescript: 4.4.4
